Microsoft Visual Studio Solution File, Format Version 10.00
# Visual Studio 2008

Project("{70251B87-04EB-AB99-43B5-BF41F655480A}") = "platformer4", "Assembly-UnityScript.unityproj", "{812017C5-D54D-3E06-ECC7-C31E959225F7}"
EndProject
Global
	GlobalSection(SolutionConfigurationPlatforms) = preSolution
		Debug|Any CPU = Debug|Any CPU
		Release|Any CPU = Release|Any CPU
	EndGlobalSection
	GlobalSection(ProjectConfigurationPlatforms) = postSolution
		{812017C5-D54D-3E06-ECC7-C31E959225F7}.Debug|Any CPU.ActiveCfg = Debug|Any CPU
		{812017C5-D54D-3E06-ECC7-C31E959225F7}.Debug|Any CPU.Build.0 = Debug|Any CPU
		{812017C5-D54D-3E06-ECC7-C31E959225F7}.Release|Any CPU.ActiveCfg = Release|Any CPU
		{812017C5-D54D-3E06-ECC7-C31E959225F7}.Release|Any CPU.Build.0 = Release|Any CPU
	EndGlobalSection
	GlobalSection(SolutionProperties) = preSolution
		HideSolutionNode = FALSE
	EndGlobalSection
	
EndGlobal
