Microsoft Visual Studio Solution File, Format Version 10.00
# Visual Studio 2008

Project("{672B2EBF-C20A-3BDF-63C7-635C74CD8AF3}") = "platformer1", "Assembly-UnityScript.unityproj", "{A9AA9BB6-697F-3E42-2CC7-4C20ADEE70C6}"
EndProject
Global
	GlobalSection(SolutionConfigurationPlatforms) = preSolution
		Debug|Any CPU = Debug|Any CPU
		Release|Any CPU = Release|Any CPU
	EndGlobalSection
	GlobalSection(ProjectConfigurationPlatforms) = postSolution
		{A9AA9BB6-697F-3E42-2CC7-4C20ADEE70C6}.Debug|Any CPU.ActiveCfg = Debug|Any CPU
		{A9AA9BB6-697F-3E42-2CC7-4C20ADEE70C6}.Debug|Any CPU.Build.0 = Debug|Any CPU
		{A9AA9BB6-697F-3E42-2CC7-4C20ADEE70C6}.Release|Any CPU.ActiveCfg = Release|Any CPU
		{A9AA9BB6-697F-3E42-2CC7-4C20ADEE70C6}.Release|Any CPU.Build.0 = Release|Any CPU
	EndGlobalSection
	GlobalSection(SolutionProperties) = preSolution
		HideSolutionNode = FALSE
	EndGlobalSection
	
EndGlobal
