Microsoft Visual Studio Solution File, Format Version 10.00
# Visual Studio 2008

Project("{3DE0CE44-1485-3F4C-A53F-806FDA511EC1}") = "platformer3", "Assembly-UnityScript.unityproj", "{A4DD0A47-479D-442B-4730-E36BB5E316DB}"
EndProject
Global
	GlobalSection(SolutionConfigurationPlatforms) = preSolution
		Debug|Any CPU = Debug|Any CPU
		Release|Any CPU = Release|Any CPU
	EndGlobalSection
	GlobalSection(ProjectConfigurationPlatforms) = postSolution
		{A4DD0A47-479D-442B-4730-E36BB5E316DB}.Debug|Any CPU.ActiveCfg = Debug|Any CPU
		{A4DD0A47-479D-442B-4730-E36BB5E316DB}.Debug|Any CPU.Build.0 = Debug|Any CPU
		{A4DD0A47-479D-442B-4730-E36BB5E316DB}.Release|Any CPU.ActiveCfg = Release|Any CPU
		{A4DD0A47-479D-442B-4730-E36BB5E316DB}.Release|Any CPU.Build.0 = Release|Any CPU
	EndGlobalSection
	GlobalSection(SolutionProperties) = preSolution
		HideSolutionNode = FALSE
	EndGlobalSection
	
EndGlobal
