Microsoft Visual Studio Solution File, Format Version 10.00
# Visual Studio 2008

Project("{49CF3F24-FFB3-FFA6-6A95-5EE1C64B41C5}") = "FindMeAGoodOne", "Assembly-CSharp-firstpass-vs.csproj", "{33554F0C-6A0B-D838-BCCF-BBF1001B28F8}"
EndProject
Project("{49CF3F24-FFB3-FFA6-6A95-5EE1C64B41C5}") = "FindMeAGoodOne", "Assembly-CSharp-vs.csproj", "{7F399C91-14B3-26A2-2FB8-E2B6D62C80FD}"
EndProject
Project("{49CF3F24-FFB3-FFA6-6A95-5EE1C64B41C5}") = "FindMeAGoodOne", "Assembly-CSharp-Editor-vs.csproj", "{1F3826CC-4D8F-82E8-A995-C01C53A79466}"
EndProject
Global
	GlobalSection(SolutionConfigurationPlatforms) = preSolution
		Debug|Any CPU = Debug|Any CPU
		Release|Any CPU = Release|Any CPU
	EndGlobalSection
	GlobalSection(ProjectConfigurationPlatforms) = postSolution
		{33554F0C-6A0B-D838-BCCF-BBF1001B28F8}.Debug|Any CPU.ActiveCfg = Debug|Any CPU
		{33554F0C-6A0B-D838-BCCF-BBF1001B28F8}.Debug|Any CPU.Build.0 = Debug|Any CPU
		{33554F0C-6A0B-D838-BCCF-BBF1001B28F8}.Release|Any CPU.ActiveCfg = Release|Any CPU
		{33554F0C-6A0B-D838-BCCF-BBF1001B28F8}.Release|Any CPU.Build.0 = Release|Any CPU
		{7F399C91-14B3-26A2-2FB8-E2B6D62C80FD}.Debug|Any CPU.ActiveCfg = Debug|Any CPU
		{7F399C91-14B3-26A2-2FB8-E2B6D62C80FD}.Debug|Any CPU.Build.0 = Debug|Any CPU
		{7F399C91-14B3-26A2-2FB8-E2B6D62C80FD}.Release|Any CPU.ActiveCfg = Release|Any CPU
		{7F399C91-14B3-26A2-2FB8-E2B6D62C80FD}.Release|Any CPU.Build.0 = Release|Any CPU
		{1F3826CC-4D8F-82E8-A995-C01C53A79466}.Debug|Any CPU.ActiveCfg = Debug|Any CPU
		{1F3826CC-4D8F-82E8-A995-C01C53A79466}.Debug|Any CPU.Build.0 = Debug|Any CPU
		{1F3826CC-4D8F-82E8-A995-C01C53A79466}.Release|Any CPU.ActiveCfg = Release|Any CPU
		{1F3826CC-4D8F-82E8-A995-C01C53A79466}.Release|Any CPU.Build.0 = Release|Any CPU
	EndGlobalSection
	GlobalSection(SolutionProperties) = preSolution
		HideSolutionNode = FALSE
	EndGlobalSection
	
EndGlobal
